
Microsoft Visual Studio Solution File, Format Version 12.00
# Visual Studio Version 17
VisualStudioVersion = 17.12.35527.113
MinimumVisualStudioVersion = 10.0.40219.1
Project("{8BC9CEB8-8B4A-11D0-8D11-00A0C91BC942}") = "skeet2", "skeet2\skeet2.vcxproj", "{52DE7C1B-64BB-4EB3-93B2-42AFD0A955D6}"
EndProject
Global
	GlobalSection(SolutionConfigurationPlatforms) = preSolution
		Release|x86 = Release|x86
	EndGlobalSection
	GlobalSection(ProjectConfigurationPlatforms) = postSolution
		{52DE7C1B-64BB-4EB3-93B2-42AFD0A955D6}.Release|x86.ActiveCfg = Release|Win32
		{52DE7C1B-64BB-4EB3-93B2-42AFD0A955D6}.Release|x86.Build.0 = Release|Win32
	EndGlobalSection
	GlobalSection(SolutionProperties) = preSolution
		HideSolutionNode = FALSE
	EndGlobalSection
EndGlobal
